{
  "name": "@github/copilot-installer",
  "version": "1.0.0",
  "lockfileVersion": 3,
  "requires": true,
  "packages": {
    "": {
      "name": "@github/copilot-installer",
      "version": "1.0.0",
      "dependencies": {
        "@github/copilot": "^1.0.14"
      }
    },
    "node_modules/@github/copilot": {
      "version": "1.0.14",
      "resolved": "https://registry.npmjs.org/@github/copilot/-/copilot-1.0.14.tgz",
      "integrity": "sha512-VFyMwZKmeMiTFiP/6z+ZBnLVgRWl5cDAt9BWouMz7Zfh5RqQJg4ynD1vWJzKgo08u/oYf9UoF1xqFKnHmedA9A==",
      "license": "SEE LICENSE IN LICENSE.md",
      "bin": {
        "copilot": "npm-loader.js"
      },
      "optionalDependencies": {
        "@github/copilot-darwin-arm64": "1.0.14",
        "@github/copilot-darwin-x64": "1.0.14",
        "@github/copilot-linux-arm64": "1.0.14",
        "@github/copilot-linux-x64": "1.0.14",
        "@github/copilot-win32-arm64": "1.0.14",
        "@github/copilot-win32-x64": "1.0.14"
      }
    },
    "node_modules/@github/copilot/node_modules/@github/copilot-darwin-arm64": {
      "version": "1.0.14",
      "resolved": "https://registry.npmjs.org/@github/copilot-darwin-arm64/-/copilot-darwin-arm64-1.0.14.tgz",
      "integrity": "sha512-z6ml4dRdghcE7RIVI8wiyes9QJ4mgkcIP22w0TAPlMp0qWmR4hQDu2LKTdmArfOjt0+0reLHIBd06zx7zuUFVA==",
      "cpu": [
        "arm64"
      ],
      "license": "SEE LICENSE IN LICENSE.md",
      "optional": true,
      "os": [
        "darwin"
      ],
      "bin": {
        "copilot-darwin-arm64": "copilot"
      }
    },
    "node_modules/@github/copilot/node_modules/@github/copilot-darwin-x64": {
      "version": "1.0.14",
      "resolved": "https://registry.npmjs.org/@github/copilot-darwin-x64/-/copilot-darwin-x64-1.0.14.tgz",
      "integrity": "sha512-Sp5KPhiUGa0+LlF/ol7uEbqcmeTClWUAqBJ0vyO5o4Ef+fIguP+090vUYayuQ7nPQmvA/FxvguUiy5ISVlqCKg==",
      "cpu": [
        "x64"
      ],
      "license": "SEE LICENSE IN LICENSE.md",
      "optional": true,
      "os": [
        "darwin"
      ],
      "bin": {
        "copilot-darwin-x64": "copilot"
      }
    },
    "node_modules/@github/copilot/node_modules/@github/copilot-linux-arm64": {
      "version": "1.0.14",
      "resolved": "https://registry.npmjs.org/@github/copilot-linux-arm64/-/copilot-linux-arm64-1.0.14.tgz",
      "integrity": "sha512-0TpiN0nANHpEi+F8E7b0ArMe5+Yjqdnx+mJAWCwXyYkbgQ5lHFlo/uhTanXH+L+6b45X3XLhiGVv4WCx1Mi56g==",
      "cpu": [
        "arm64"
      ],
      "license": "SEE LICENSE IN LICENSE.md",
      "optional": true,
      "os": [
        "linux"
      ],
      "bin": {
        "copilot-linux-arm64": "copilot"
      }
    },
    "node_modules/@github/copilot/node_modules/@github/copilot-linux-x64": {
      "version": "1.0.14",
      "resolved": "https://registry.npmjs.org/@github/copilot-linux-x64/-/copilot-linux-x64-1.0.14.tgz",
      "integrity": "sha512-OWpP9EiDok06yobb71hJs79f5UKkgG/8fP0vHHfjyfMcMdrDxeRWwrT8A40GXVVgk1UX0li73LAAfqzfoE/z8w==",
      "cpu": [
        "x64"
      ],
      "license": "SEE LICENSE IN LICENSE.md",
      "optional": true,
      "os": [
        "linux"
      ],
      "bin": {
        "copilot-linux-x64": "copilot"
      }
    },
    "node_modules/@github/copilot/node_modules/@github/copilot-win32-arm64": {
      "version": "1.0.14",
      "resolved": "https://registry.npmjs.org/@github/copilot-win32-arm64/-/copilot-win32-arm64-1.0.14.tgz",
      "integrity": "sha512-KFZoV80Q4EDxWZo+Wlr+2lsas9wIrSK51PRW1ZImimDFP2OB7/F0dPz5BJWyscrMkg1mIonL1gKGksdGC2ZfwQ==",
      "cpu": [
        "arm64"
      ],
      "license": "SEE LICENSE IN LICENSE.md",
      "optional": true,
      "os": [
        "win32"
      ],
      "bin": {
        "copilot-win32-arm64": "copilot.exe"
      }
    },
    "node_modules/@github/copilot/node_modules/@github/copilot-win32-x64": {
      "version": "1.0.14",
      "resolved": "https://registry.npmjs.org/@github/copilot-win32-x64/-/copilot-win32-x64-1.0.14.tgz",
      "integrity": "sha512-SstVxnGBZBf0coA1jkT4inFMKPpKXbUxFeQ0Aj/6bEOUndk02xsiM/etUoD53+XFT9zVua/dTvxf0Xl6QvNAFw==",
      "cpu": [
        "x64"
      ],
      "license": "SEE LICENSE IN LICENSE.md",
      "optional": true,
      "os": [
        "win32"
      ],
      "bin": {
        "copilot-win32-x64": "copilot.exe"
      }
    }
  }
}
