{
  "name": "@github/copilot-installer",
  "version": "1.0.0",
  "lockfileVersion": 3,
  "requires": true,
  "packages": {
    "": {
      "name": "@github/copilot-installer",
      "version": "1.0.0",
      "dependencies": {
        "@github/copilot": "^1.0.41-0"
      }
    },
    "node_modules/@github/copilot": {
      "version": "1.0.41-0",
      "resolved": "https://registry.npmjs.org/@github/copilot/-/copilot-1.0.41-0.tgz",
      "integrity": "sha512-gLyCadBZdJeJtHJI3XdN8wAmLMEUdXfCa3EcVnbdbV1NHZDAJhr7h41l7a49pqRAmJyLUKlk1Lokk7U+OD3tgw==",
      "license": "SEE LICENSE IN LICENSE.md",
      "bin": {
        "copilot": "npm-loader.js"
      },
      "optionalDependencies": {
        "@github/copilot-darwin-arm64": "1.0.41-0",
        "@github/copilot-darwin-x64": "1.0.41-0",
        "@github/copilot-linux-arm64": "1.0.41-0",
        "@github/copilot-linux-x64": "1.0.41-0",
        "@github/copilot-win32-arm64": "1.0.41-0",
        "@github/copilot-win32-x64": "1.0.41-0"
      }
    },
    "node_modules/@github/copilot/node_modules/@github/copilot-darwin-arm64": {
      "version": "1.0.41-0",
      "resolved": "https://registry.npmjs.org/@github/copilot-darwin-arm64/-/copilot-darwin-arm64-1.0.41-0.tgz",
      "integrity": "sha512-lrrH1oMbTOF1W/YxH6rvoEHOymxmXaMx4aDzm190hU0Yh6Cuu0BJGFvgG8nE9bqcv5O8W7eEBr26jDlGtnZiwg==",
      "cpu": [
        "arm64"
      ],
      "license": "SEE LICENSE IN LICENSE.md",
      "optional": true,
      "os": [
        "darwin"
      ],
      "bin": {
        "copilot-darwin-arm64": "copilot"
      }
    },
    "node_modules/@github/copilot/node_modules/@github/copilot-darwin-x64": {
      "version": "1.0.41-0",
      "resolved": "https://registry.npmjs.org/@github/copilot-darwin-x64/-/copilot-darwin-x64-1.0.41-0.tgz",
      "integrity": "sha512-4418VtSSkEgn4BcwCFg+0UDhGCfQgGTx16r/PiWbuUOgIBzts3FfVzWMWTuXyxk7kl2Ib8k7KSd/7rNpjcrzBw==",
      "cpu": [
        "x64"
      ],
      "license": "SEE LICENSE IN LICENSE.md",
      "optional": true,
      "os": [
        "darwin"
      ],
      "bin": {
        "copilot-darwin-x64": "copilot"
      }
    },
    "node_modules/@github/copilot/node_modules/@github/copilot-linux-arm64": {
      "version": "1.0.41-0",
      "resolved": "https://registry.npmjs.org/@github/copilot-linux-arm64/-/copilot-linux-arm64-1.0.41-0.tgz",
      "integrity": "sha512-5xjgp3Ak5QJ68byNbsgBpdK1V6T5t8EGu0pUwEJMNMMXxqvL9f7gPcnCGdTtV2DS4Q3adkziV/gpBSSQ5HY8hg==",
      "cpu": [
        "arm64"
      ],
      "license": "SEE LICENSE IN LICENSE.md",
      "optional": true,
      "os": [
        "linux"
      ],
      "bin": {
        "copilot-linux-arm64": "copilot"
      }
    },
    "node_modules/@github/copilot/node_modules/@github/copilot-linux-x64": {
      "version": "1.0.41-0",
      "resolved": "https://registry.npmjs.org/@github/copilot-linux-x64/-/copilot-linux-x64-1.0.41-0.tgz",
      "integrity": "sha512-oWPkj0bSjBjtAqonMEZD7EuSByBNXwtceMw8y7uGOfs6jQXfhDGzCCB6NGb+lcftVNtWDKFCUtx+x8Fbt4O37w==",
      "cpu": [
        "x64"
      ],
      "license": "SEE LICENSE IN LICENSE.md",
      "optional": true,
      "os": [
        "linux"
      ],
      "bin": {
        "copilot-linux-x64": "copilot"
      }
    },
    "node_modules/@github/copilot/node_modules/@github/copilot-win32-arm64": {
      "version": "1.0.41-0",
      "resolved": "https://registry.npmjs.org/@github/copilot-win32-arm64/-/copilot-win32-arm64-1.0.41-0.tgz",
      "integrity": "sha512-MaPg4tFWTiRuyv+j0ymJbZp8UPK+RIXNMpekR7FRf8/Uz+NiJgTTxTDjFi4ytRJU5UNrUezkVAk5Xduq/CaIew==",
      "cpu": [
        "arm64"
      ],
      "license": "SEE LICENSE IN LICENSE.md",
      "optional": true,
      "os": [
        "win32"
      ],
      "bin": {
        "copilot-win32-arm64": "copilot.exe"
      }
    },
    "node_modules/@github/copilot/node_modules/@github/copilot-win32-x64": {
      "version": "1.0.41-0",
      "resolved": "https://registry.npmjs.org/@github/copilot-win32-x64/-/copilot-win32-x64-1.0.41-0.tgz",
      "integrity": "sha512-ykRuDWjJEgSywMFJl1yaefssaklCVSVhprx2NcSVh6tIGupvvzVAM6nL6Mj6nyKpG6FKGHanedBeL6SJc935cw==",
      "cpu": [
        "x64"
      ],
      "license": "SEE LICENSE IN LICENSE.md",
      "optional": true,
      "os": [
        "win32"
      ],
      "bin": {
        "copilot-win32-x64": "copilot.exe"
      }
    }
  }
}
