{
  "name": "@github/copilot-installer",
  "version": "1.0.0",
  "lockfileVersion": 3,
  "requires": true,
  "packages": {
    "": {
      "name": "@github/copilot-installer",
      "version": "1.0.0",
      "dependencies": {
        "@github/copilot": "^1.0.32"
      }
    },
    "node_modules/@github/copilot": {
      "version": "1.0.32",
      "resolved": "https://registry.npmjs.org/@github/copilot/-/copilot-1.0.32.tgz",
      "integrity": "sha512-ydEYAztJQa1sLQw+WPmnkkt3Sf/k2Smn/7szzYvt1feUOdNIak1gHpQhKcgPr2w252gjVLRWjOiynoeLVW0Fbw==",
      "license": "SEE LICENSE IN LICENSE.md",
      "bin": {
        "copilot": "npm-loader.js"
      },
      "optionalDependencies": {
        "@github/copilot-darwin-arm64": "1.0.32",
        "@github/copilot-darwin-x64": "1.0.32",
        "@github/copilot-linux-arm64": "1.0.32",
        "@github/copilot-linux-x64": "1.0.32",
        "@github/copilot-win32-arm64": "1.0.32",
        "@github/copilot-win32-x64": "1.0.32"
      }
    },
    "node_modules/@github/copilot/node_modules/@github/copilot-darwin-arm64": {
      "version": "1.0.32",
      "resolved": "https://registry.npmjs.org/@github/copilot-darwin-arm64/-/copilot-darwin-arm64-1.0.32.tgz",
      "integrity": "sha512-RtGHpnrbP1eVtpzitLqC0jkBlo63PJiByv6W/NTtLw4ZAllumb5kMk8JaTtydKl9DCOHA0wfXbG5/JkGXuQ81g==",
      "cpu": [
        "arm64"
      ],
      "license": "SEE LICENSE IN LICENSE.md",
      "optional": true,
      "os": [
        "darwin"
      ],
      "bin": {
        "copilot-darwin-arm64": "copilot"
      }
    },
    "node_modules/@github/copilot/node_modules/@github/copilot-darwin-x64": {
      "version": "1.0.32",
      "resolved": "https://registry.npmjs.org/@github/copilot-darwin-x64/-/copilot-darwin-x64-1.0.32.tgz",
      "integrity": "sha512-eyF6uy8gcZ4m/0UdM9UoykMDotZ8hZPJ1xIg0iHy4wrNtkYOaAspAoVpOkm50ODOQAHJ5PVV+9LuT6IoeL+wHQ==",
      "cpu": [
        "x64"
      ],
      "license": "SEE LICENSE IN LICENSE.md",
      "optional": true,
      "os": [
        "darwin"
      ],
      "bin": {
        "copilot-darwin-x64": "copilot"
      }
    },
    "node_modules/@github/copilot/node_modules/@github/copilot-linux-arm64": {
      "version": "1.0.32",
      "resolved": "https://registry.npmjs.org/@github/copilot-linux-arm64/-/copilot-linux-arm64-1.0.32.tgz",
      "integrity": "sha512-acRAu5ehFPnw3hQSIxcmi7wzv8PAYd+nqdxZXizOi++en3QWgez7VEXiKLe9Ukf50iiGReg19yvWV4iDOGC0HQ==",
      "cpu": [
        "arm64"
      ],
      "license": "SEE LICENSE IN LICENSE.md",
      "optional": true,
      "os": [
        "linux"
      ],
      "bin": {
        "copilot-linux-arm64": "copilot"
      }
    },
    "node_modules/@github/copilot/node_modules/@github/copilot-linux-x64": {
      "version": "1.0.32",
      "resolved": "https://registry.npmjs.org/@github/copilot-linux-x64/-/copilot-linux-x64-1.0.32.tgz",
      "integrity": "sha512-lw86YDwkTKwmeVpfnPErDe9DhemrOHN+l92xOU9wQSH5/d+HguXwRb3e4cQjlxsGLS+/fWRGtwf+u2fbQ37avw==",
      "cpu": [
        "x64"
      ],
      "license": "SEE LICENSE IN LICENSE.md",
      "optional": true,
      "os": [
        "linux"
      ],
      "bin": {
        "copilot-linux-x64": "copilot"
      }
    },
    "node_modules/@github/copilot/node_modules/@github/copilot-win32-arm64": {
      "version": "1.0.32",
      "resolved": "https://registry.npmjs.org/@github/copilot-win32-arm64/-/copilot-win32-arm64-1.0.32.tgz",
      "integrity": "sha512-+eZpuzgBbLHMIzltH541wfbbMy0HEdG91ISzRae3qPCssf3Ad85sat6k7FWTRBSZBFrN7z4yMQm5gROqDJYGSA==",
      "cpu": [
        "arm64"
      ],
      "license": "SEE LICENSE IN LICENSE.md",
      "optional": true,
      "os": [
        "win32"
      ],
      "bin": {
        "copilot-win32-arm64": "copilot.exe"
      }
    },
    "node_modules/@github/copilot/node_modules/@github/copilot-win32-x64": {
      "version": "1.0.32",
      "resolved": "https://registry.npmjs.org/@github/copilot-win32-x64/-/copilot-win32-x64-1.0.32.tgz",
      "integrity": "sha512-R6SW1dsEVmPMhrN/WRTetS4gVxcuYcxi2zfDPOfcjW3W0iD0Vwpt3MlqwBaU2UL36j+rnTnmiOA+g82FIBCYVg==",
      "cpu": [
        "x64"
      ],
      "license": "SEE LICENSE IN LICENSE.md",
      "optional": true,
      "os": [
        "win32"
      ],
      "bin": {
        "copilot-win32-x64": "copilot.exe"
      }
    }
  }
}
